
Microsoft Visual Studio Solution File, Format Version 12.00
# Visual Studio 15
VisualStudioVersion = 15.0.28307.106
MinimumVisualStudioVersion = 10.0.40219.1
Project("{FAE04EC0-301F-11D3-BF4B-00C04F79EFBC}") = "ParticleSystem", "ParticleSystem\ParticleSystem.csproj", "{DC3EFCE4-E5DE-4B89-938F-EB9065E1D4D5}"
EndProject
Global
	GlobalSection(SolutionConfigurationPlatforms) = preSolution
		Debug|Any CPU = Debug|Any CPU
		Release|Any CPU = Release|Any CPU
	EndGlobalSection
	GlobalSection(ProjectConfigurationPlatforms) = postSolution
		{DC3EFCE4-E5DE-4B89-938F-EB9065E1D4D5}.Debug|Any CPU.ActiveCfg = Debug|Any CPU
		{DC3EFCE4-E5DE-4B89-938F-EB9065E1D4D5}.Debug|Any CPU.Build.0 = Debug|Any CPU
		{DC3EFCE4-E5DE-4B89-938F-EB9065E1D4D5}.Release|Any CPU.ActiveCfg = Release|Any CPU
		{DC3EFCE4-E5DE-4B89-938F-EB9065E1D4D5}.Release|Any CPU.Build.0 = Release|Any CPU
	EndGlobalSection
	GlobalSection(SolutionProperties) = preSolution
		HideSolutionNode = FALSE
	EndGlobalSection
	GlobalSection(ExtensibilityGlobals) = postSolution
		SolutionGuid = {B44D43A7-BE02-4F72-9B2E-17B29B000190}
	EndGlobalSection
EndGlobal
